
Microsoft Visual Studio Solution File, Format Version 12.00
# Visual Studio Version 16
VisualStudioVersion = 16.0.31205.134
MinimumVisualStudioVersion = 10.0.40219.1
Project("{FAE04EC0-301F-11D3-BF4B-00C04F79EFBC}") = "UWPXAML_ChangeControlType", "UWPXAML_ChangeControlType\UWPXAML_ChangeControlType.csproj", "{9BE8D03A-D783-427B-95E6-A74908BEF3C7}"
EndProject
Global
	GlobalSection(SolutionConfigurationPlatforms) = preSolution
		Debug|ARM = Debug|ARM
		Debug|ARM64 = Debug|ARM64
		Debug|x64 = Debug|x64
		Debug|x86 = Debug|x86
		Release|ARM = Release|ARM
		Release|ARM64 = Release|ARM64
		Release|x64 = Release|x64
		Release|x86 = Release|x86
	EndGlobalSection
	GlobalSection(ProjectConfigurationPlatforms) = postSolution
		{9BE8D03A-D783-427B-95E6-A74908BEF3C7}.Debug|ARM.ActiveCfg = Debug|ARM
		{9BE8D03A-D783-427B-95E6-A74908BEF3C7}.Debug|ARM.Build.0 = Debug|ARM
		{9BE8D03A-D783-427B-95E6-A74908BEF3C7}.Debug|ARM.Deploy.0 = Debug|ARM
		{9BE8D03A-D783-427B-95E6-A74908BEF3C7}.Debug|ARM64.ActiveCfg = Debug|ARM64
		{9BE8D03A-D783-427B-95E6-A74908BEF3C7}.Debug|ARM64.Build.0 = Debug|ARM64
		{9BE8D03A-D783-427B-95E6-A74908BEF3C7}.Debug|ARM64.Deploy.0 = Debug|ARM64
		{9BE8D03A-D783-427B-95E6-A74908BEF3C7}.Debug|x64.ActiveCfg = Debug|x64
		{9BE8D03A-D783-427B-95E6-A74908BEF3C7}.Debug|x64.Build.0 = Debug|x64
		{9BE8D03A-D783-427B-95E6-A74908BEF3C7}.Debug|x64.Deploy.0 = Debug|x64
		{9BE8D03A-D783-427B-95E6-A74908BEF3C7}.Debug|x86.ActiveCfg = Debug|x86
		{9BE8D03A-D783-427B-95E6-A74908BEF3C7}.Debug|x86.Build.0 = Debug|x86
		{9BE8D03A-D783-427B-95E6-A74908BEF3C7}.Debug|x86.Deploy.0 = Debug|x86
		{9BE8D03A-D783-427B-95E6-A74908BEF3C7}.Release|ARM.ActiveCfg = Release|ARM
		{9BE8D03A-D783-427B-95E6-A74908BEF3C7}.Release|ARM.Build.0 = Release|ARM
		{9BE8D03A-D783-427B-95E6-A74908BEF3C7}.Release|ARM.Deploy.0 = Release|ARM
		{9BE8D03A-D783-427B-95E6-A74908BEF3C7}.Release|ARM64.ActiveCfg = Release|ARM64
		{9BE8D03A-D783-427B-95E6-A74908BEF3C7}.Release|ARM64.Build.0 = Release|ARM64
		{9BE8D03A-D783-427B-95E6-A74908BEF3C7}.Release|ARM64.Deploy.0 = Release|ARM64
		{9BE8D03A-D783-427B-95E6-A74908BEF3C7}.Release|x64.ActiveCfg = Release|x64
		{9BE8D03A-D783-427B-95E6-A74908BEF3C7}.Release|x64.Build.0 = Release|x64
		{9BE8D03A-D783-427B-95E6-A74908BEF3C7}.Release|x64.Deploy.0 = Release|x64
		{9BE8D03A-D783-427B-95E6-A74908BEF3C7}.Release|x86.ActiveCfg = Release|x86
		{9BE8D03A-D783-427B-95E6-A74908BEF3C7}.Release|x86.Build.0 = Release|x86
		{9BE8D03A-D783-427B-95E6-A74908BEF3C7}.Release|x86.Deploy.0 = Release|x86
	EndGlobalSection
	GlobalSection(SolutionProperties) = preSolution
		HideSolutionNode = FALSE
	EndGlobalSection
	GlobalSection(ExtensibilityGlobals) = postSolution
		SolutionGuid = {124BF53B-9C98-40D2-B435-8C0C995C3042}
	EndGlobalSection
EndGlobal
